
Microsoft Visual Studio Solution File, Format Version 12.00
Project("{FAE04EC0-301F-11D3-BF4B-00C04F79EFBC}") = "backend", "backend\backend.csproj", "{AB1CEC15-0BB0-4C75-B23A-D27D701ABA4A}"
EndProject
Project("{FAE04EC0-301F-11D3-BF4B-00C04F79EFBC}") = "CosmosDbTest", "CosmosDbTest\CosmosDbTest.csproj", "{DED90433-5D8C-4605-BF84-F1CF5989D4B0}"
EndProject
Global
	GlobalSection(SolutionConfigurationPlatforms) = preSolution
		Debug|Any CPU = Debug|Any CPU
		Release|Any CPU = Release|Any CPU
	EndGlobalSection
	GlobalSection(ProjectConfigurationPlatforms) = postSolution
		{AB1CEC15-0BB0-4C75-B23A-D27D701ABA4A}.Debug|Any CPU.ActiveCfg = Debug|Any CPU
		{AB1CEC15-0BB0-4C75-B23A-D27D701ABA4A}.Debug|Any CPU.Build.0 = Debug|Any CPU
		{AB1CEC15-0BB0-4C75-B23A-D27D701ABA4A}.Release|Any CPU.ActiveCfg = Release|Any CPU
		{AB1CEC15-0BB0-4C75-B23A-D27D701ABA4A}.Release|Any CPU.Build.0 = Release|Any CPU
		{DED90433-5D8C-4605-BF84-F1CF5989D4B0}.Debug|Any CPU.ActiveCfg = Debug|Any CPU
		{DED90433-5D8C-4605-BF84-F1CF5989D4B0}.Debug|Any CPU.Build.0 = Debug|Any CPU
		{DED90433-5D8C-4605-BF84-F1CF5989D4B0}.Release|Any CPU.ActiveCfg = Release|Any CPU
		{DED90433-5D8C-4605-BF84-F1CF5989D4B0}.Release|Any CPU.Build.0 = Release|Any CPU
	EndGlobalSection
EndGlobal
